
Microsoft Visual Studio Solution File, Format Version 12.00
# Visual Studio Version 17
VisualStudioVersion = 17.13.35828.75 d17.13
MinimumVisualStudioVersion = 10.0.40219.1
Project("{FAE04EC0-301F-11D3-BF4B-00C04F79EFBC}") = "LAPTRINHWEB", "LAPTRINHWEB\LAPTRINHWEB.csproj", "{7BAEDDD9-739E-46EB-BDA8-97D86B2057AF}"
EndProject
Global
	GlobalSection(SolutionConfigurationPlatforms) = preSolution
		Debug|Any CPU = Debug|Any CPU
		Release|Any CPU = Release|Any CPU
	EndGlobalSection
	GlobalSection(ProjectConfigurationPlatforms) = postSolution
		{7BAEDDD9-739E-46EB-BDA8-97D86B2057AF}.Debug|Any CPU.ActiveCfg = Debug|Any CPU
		{7BAEDDD9-739E-46EB-BDA8-97D86B2057AF}.Debug|Any CPU.Build.0 = Debug|Any CPU
		{7BAEDDD9-739E-46EB-BDA8-97D86B2057AF}.Release|Any CPU.ActiveCfg = Release|Any CPU
		{7BAEDDD9-739E-46EB-BDA8-97D86B2057AF}.Release|Any CPU.Build.0 = Release|Any CPU
	EndGlobalSection
	GlobalSection(SolutionProperties) = preSolution
		HideSolutionNode = FALSE
	EndGlobalSection
	GlobalSection(ExtensibilityGlobals) = postSolution
		SolutionGuid = {F56E16FD-D1F7-4509-8128-0198A900E2C5}
	EndGlobalSection
EndGlobal
